
Microsoft Visual Studio Solution File, Format Version 12.00
# Visual Studio Version 16
VisualStudioVersion = 16.0.30320.27
MinimumVisualStudioVersion = 10.0.40219.1
Project("{FAE04EC0-301F-11D3-BF4B-00C04F79EFBC}") = "NoStartupVSync", "Begone Vsync\NoStartupVSync.csproj", "{3F266D6B-733E-4F29-ABED-B3883404786A}"
EndProject
Global
	GlobalSection(SolutionConfigurationPlatforms) = preSolution
		Debug|Any CPU = Debug|Any CPU
		Release|Any CPU = Release|Any CPU
	EndGlobalSection
	GlobalSection(ProjectConfigurationPlatforms) = postSolution
		{3F266D6B-733E-4F29-ABED-B3883404786A}.Debug|Any CPU.ActiveCfg = Release|Any CPU
		{3F266D6B-733E-4F29-ABED-B3883404786A}.Debug|Any CPU.Build.0 = Release|Any CPU
		{3F266D6B-733E-4F29-ABED-B3883404786A}.Release|Any CPU.ActiveCfg = Release|Any CPU
		{3F266D6B-733E-4F29-ABED-B3883404786A}.Release|Any CPU.Build.0 = Release|Any CPU
	EndGlobalSection
	GlobalSection(SolutionProperties) = preSolution
		HideSolutionNode = FALSE
	EndGlobalSection
	GlobalSection(ExtensibilityGlobals) = postSolution
		SolutionGuid = {DF821A4A-81CA-4247-8CB6-292547992173}
	EndGlobalSection
EndGlobal
